# This file is autogenerated, do not edit; changes may be undone by the next 'dep ensure'.


[[projects]]
  digest = "1:5d7244a3ba74f404c3befb1af958e8b687d81b9c95d9096aa5989bd7e9b2069f"
  name = "github.com/ChimeraCoder/anaconda"
  packages = ["."]
  pruneopts = ""
  revision = "fba449f7b405a61af4f8a9246bd557f9625bd7be"

[[projects]]
  branch = "master"
  digest = "1:1632705b0fa9266d58506dfb2bf26dc502709c3911d5660cf278503fcfadf6ac"
  name = "github.com/ChimeraCoder/tokenbucket"
  packages = ["."]
  pruneopts = ""
  revision = "c5a927568de7aad8a58127d80bcd36ca4e71e454"

[[projects]]
  branch = "master"
  digest = "1:650520e175941762d4781168477eda2561c4e24fb0b0578761dda5b0e1382237"
  name = "github.com/azr/backoff"
  packages = ["."]
  pruneopts = ""
  revision = "53511d3c733003985b0b76f733df1f4d0095ee6a"

[[projects]]
  branch = "master"
  digest = "1:5a57f88a1196908f330b6b10340aaa34b5594183e80a7659cac1bfbb3a88d84e"
  name = "github.com/dustin/go-jsonpointer"
  packages = ["."]
  pruneopts = ""
  revision = "ba0abeacc3dcca5b9b20f31509c46794edbc9965"

[[projects]]
  branch = "master"
  digest = "1:9140f1215e69e5b5f05ee4faf473f8532f8a62b2588c55f6ab4f467c31b5a5f8"
  name = "github.com/dustin/gojson"
  packages = ["."]
  pruneopts = ""
  revision = "2e71ec9dd5adce3b168cd0dbde03b5cc04951c30"

[[projects]]
  branch = "master"
  digest = "1:3e475864c53cf4225f5c050640fca1aef1157f4208752c92cc01a1b430e759f7"
  name = "github.com/garyburd/go-oauth"
  packages = ["oauth"]
  pruneopts = ""
  revision = "bca2e7f09a178fd36b034107a00e2323bca6a82e"

[[projects]]
  digest = "1:6a874e3ddfb9db2b42bd8c85b6875407c702fa868eed20634ff489bc896ccfd3"
  name = "github.com/konsorten/go-windows-terminal-sequences"
  packages = ["."]
  pruneopts = ""
  revision = "5c8c8bd35d3832f5d134ae1e1e375b69a4d25242"
  version = "v1.0.1"

[[projects]]
  digest = "1:5f48b818f16848d05cf74f4cbdd0cbe9e0dcddb3c459b4c510c6e2c8e1b4dff1"
  name = "github.com/sirupsen/logrus"
  packages = ["."]
  pruneopts = ""
  revision = "ad15b42461921f1fb3529b058c6786c6a45d5162"
  version = "v1.1.1"

[[projects]]
  branch = "master"
  digest = "1:f075766bf7b5415268d81721a2483f18a0c7710fb90f60a3dbac1eda269df3ac"
  name = "golang.org/x/crypto"
  packages = ["ssh/terminal"]
  pruneopts = ""
  revision = "bc7917b19d8f099105de72dc62898400be07c984"

[[projects]]
  branch = "master"
  digest = "1:41055845ee2a3f0b0fbf94f12b7a6c5322ae66c166d192e38156e0d63a6e2993"
  name = "golang.org/x/net"
  packages = ["context"]
  pruneopts = ""
  revision = "c44066c5c816ec500d459a2a324a753f78531ae0"

[[projects]]
  branch = "master"
  digest = "1:2667800887f4161b5b1f49d3065204a82f974d1b857c00d7e450a5167477071f"
  name = "golang.org/x/sys"
  packages = [
    "unix",
    "windows",
  ]
  pruneopts = ""
  revision = "d69651ed3497faee15a5363a89578e9991f6d5e2"

[solve-meta]
  analyzer-name = "dep"
  analyzer-version = 1
  input-imports = [
    "github.com/ChimeraCoder/anaconda",
    "github.com/sirupsen/logrus",
  ]
  solver-name = "gps-cdcl"
  solver-version = 1
